
Microsoft Visual Studio Solution File, Format Version 12.00
# Visual Studio Version 16
VisualStudioVersion = 16.0.31112.23
MinimumVisualStudioVersion = 10.0.40219.1
Project("{9A19103F-16F7-4668-BE54-9A1E7A4F7556}") = "Alaca.Core", "Libraries\Alaca.Core\Alaca.Core.csproj", "{7D9DBD1A-3C1D-4FF5-8345-2B912942D679}"
EndProject
Project("{2150E333-8FDC-42A3-9474-1A3956D46DE8}") = "Libraries", "Libraries", "{4A979C7B-9FB0-45E3-B0C6-1E5A0FADEA51}"
EndProject
Project("{9A19103F-16F7-4668-BE54-9A1E7A4F7556}") = "Alaca.CRM.Service", "Libraries\Alaca.CRM.Service\Alaca.CRM.Service.csproj", "{D0789FB3-85A3-41CE-9AFE-A0A7742EB835}"
EndProject
Project("{2150E333-8FDC-42A3-9474-1A3956D46DE8}") = "Presentation", "Presentation", "{1F88D36C-1EF6-477F-B07B-948741A265CB}"
EndProject
Project("{FAE04EC0-301F-11D3-BF4B-00C04F79EFBC}") = "Alaca.CRM.Plugins.Payment", "Plugins\Alaca.CRM.Plugins.Payment\Alaca.CRM.Plugins.Payment.csproj", "{F4017204-9EF9-41BF-A9FB-B42AF2402907}"
EndProject
Project("{2150E333-8FDC-42A3-9474-1A3956D46DE8}") = "Plugins", "Plugins", "{32147F53-CDAF-44DA-958E-5CAC9662F6EA}"
EndProject
Project("{9A19103F-16F7-4668-BE54-9A1E7A4F7556}") = "Alaca.Core.Test", "Tests\Alaca.Core.Test\Alaca.Core.Test.csproj", "{DBAC1588-F06A-4339-A9AE-4B3130D9CF92}"
EndProject
Project("{2150E333-8FDC-42A3-9474-1A3956D46DE8}") = "Tests", "Tests", "{E9AAE3BD-8766-45B5-9774-543A55A91212}"
EndProject
Project("{9A19103F-16F7-4668-BE54-9A1E7A4F7556}") = "Alaca.Entities", "Libraries\Alaca.Entities\Alaca.Entities.csproj", "{78D69654-3930-4C6B-96FA-A24786A95ABA}"
EndProject
Project("{9A19103F-16F7-4668-BE54-9A1E7A4F7556}") = "Alaca.Crm.Dal", "Libraries\Alaca.Dal\Alaca.Crm.Dal.csproj", "{4416C5B3-E440-4995-99D3-42B539AA9423}"
EndProject
Project("{9A19103F-16F7-4668-BE54-9A1E7A4F7556}") = "Alaca.Crm.Server", "Presentation\Server\Alaca.Crm.Server.csproj", "{E59B478D-62A6-4557-A516-EA01D120A7F8}"
EndProject
Project("{2150E333-8FDC-42A3-9474-1A3956D46DE8}") = "Client", "Client", "{7FB836C8-BC4E-41AF-A527-5902EFBFDBCC}"
EndProject
Project("{2150E333-8FDC-42A3-9474-1A3956D46DE8}") = "Server", "Server", "{980880C5-E226-465B-9098-0202E0332C60}"
EndProject
Project("{9A19103F-16F7-4668-BE54-9A1E7A4F7556}") = "Alaca.Crm.Client", "Presentation\Client\Alaca.Crm.Client\Alaca.Crm.Client.csproj", "{BACA2CF6-5A34-43FA-844E-26B2BE7EA0AC}"
EndProject
Project("{9A19103F-16F7-4668-BE54-9A1E7A4F7556}") = "Alaca.Crm.Client.Service", "Presentation\Client\Alaca.Crm.Client.Service\Alaca.Crm.Client.Service.csproj", "{F5D5CD99-27C1-4152-9D17-537E5BC2E195}"
EndProject
Project("{9A19103F-16F7-4668-BE54-9A1E7A4F7556}") = "Alaca.Validations", "Libraries\Alaca.Validations\Alaca.Validations.csproj", "{B069FDE3-15F6-44C4-BCEC-EE41EB0DD60D}"
EndProject
Global
	GlobalSection(SolutionConfigurationPlatforms) = preSolution
		Debug|Any CPU = Debug|Any CPU
		Release|Any CPU = Release|Any CPU
	EndGlobalSection
	GlobalSection(ProjectConfigurationPlatforms) = postSolution
		{7D9DBD1A-3C1D-4FF5-8345-2B912942D679}.Debug|Any CPU.ActiveCfg = Debug|Any CPU
		{7D9DBD1A-3C1D-4FF5-8345-2B912942D679}.Debug|Any CPU.Build.0 = Debug|Any CPU
		{7D9DBD1A-3C1D-4FF5-8345-2B912942D679}.Release|Any CPU.ActiveCfg = Release|Any CPU
		{7D9DBD1A-3C1D-4FF5-8345-2B912942D679}.Release|Any CPU.Build.0 = Release|Any CPU
		{D0789FB3-85A3-41CE-9AFE-A0A7742EB835}.Debug|Any CPU.ActiveCfg = Debug|Any CPU
		{D0789FB3-85A3-41CE-9AFE-A0A7742EB835}.Debug|Any CPU.Build.0 = Debug|Any CPU
		{D0789FB3-85A3-41CE-9AFE-A0A7742EB835}.Release|Any CPU.ActiveCfg = Release|Any CPU
		{D0789FB3-85A3-41CE-9AFE-A0A7742EB835}.Release|Any CPU.Build.0 = Release|Any CPU
		{F4017204-9EF9-41BF-A9FB-B42AF2402907}.Debug|Any CPU.ActiveCfg = Debug|Any CPU
		{F4017204-9EF9-41BF-A9FB-B42AF2402907}.Debug|Any CPU.Build.0 = Debug|Any CPU
		{F4017204-9EF9-41BF-A9FB-B42AF2402907}.Release|Any CPU.ActiveCfg = Release|Any CPU
		{F4017204-9EF9-41BF-A9FB-B42AF2402907}.Release|Any CPU.Build.0 = Release|Any CPU
		{DBAC1588-F06A-4339-A9AE-4B3130D9CF92}.Debug|Any CPU.ActiveCfg = Debug|Any CPU
		{DBAC1588-F06A-4339-A9AE-4B3130D9CF92}.Debug|Any CPU.Build.0 = Debug|Any CPU
		{DBAC1588-F06A-4339-A9AE-4B3130D9CF92}.Release|Any CPU.ActiveCfg = Release|Any CPU
		{DBAC1588-F06A-4339-A9AE-4B3130D9CF92}.Release|Any CPU.Build.0 = Release|Any CPU
		{78D69654-3930-4C6B-96FA-A24786A95ABA}.Debug|Any CPU.ActiveCfg = Debug|Any CPU
		{78D69654-3930-4C6B-96FA-A24786A95ABA}.Debug|Any CPU.Build.0 = Debug|Any CPU
		{78D69654-3930-4C6B-96FA-A24786A95ABA}.Release|Any CPU.ActiveCfg = Release|Any CPU
		{78D69654-3930-4C6B-96FA-A24786A95ABA}.Release|Any CPU.Build.0 = Release|Any CPU
		{4416C5B3-E440-4995-99D3-42B539AA9423}.Debug|Any CPU.ActiveCfg = Debug|Any CPU
		{4416C5B3-E440-4995-99D3-42B539AA9423}.Debug|Any CPU.Build.0 = Debug|Any CPU
		{4416C5B3-E440-4995-99D3-42B539AA9423}.Release|Any CPU.ActiveCfg = Release|Any CPU
		{4416C5B3-E440-4995-99D3-42B539AA9423}.Release|Any CPU.Build.0 = Release|Any CPU
		{E59B478D-62A6-4557-A516-EA01D120A7F8}.Debug|Any CPU.ActiveCfg = Debug|Any CPU
		{E59B478D-62A6-4557-A516-EA01D120A7F8}.Debug|Any CPU.Build.0 = Debug|Any CPU
		{E59B478D-62A6-4557-A516-EA01D120A7F8}.Release|Any CPU.ActiveCfg = Release|Any CPU
		{E59B478D-62A6-4557-A516-EA01D120A7F8}.Release|Any CPU.Build.0 = Release|Any CPU
		{BACA2CF6-5A34-43FA-844E-26B2BE7EA0AC}.Debug|Any CPU.ActiveCfg = Debug|Any CPU
		{BACA2CF6-5A34-43FA-844E-26B2BE7EA0AC}.Debug|Any CPU.Build.0 = Debug|Any CPU
		{BACA2CF6-5A34-43FA-844E-26B2BE7EA0AC}.Release|Any CPU.ActiveCfg = Release|Any CPU
		{BACA2CF6-5A34-43FA-844E-26B2BE7EA0AC}.Release|Any CPU.Build.0 = Release|Any CPU
		{F5D5CD99-27C1-4152-9D17-537E5BC2E195}.Debug|Any CPU.ActiveCfg = Debug|Any CPU
		{F5D5CD99-27C1-4152-9D17-537E5BC2E195}.Debug|Any CPU.Build.0 = Debug|Any CPU
		{F5D5CD99-27C1-4152-9D17-537E5BC2E195}.Release|Any CPU.ActiveCfg = Release|Any CPU
		{F5D5CD99-27C1-4152-9D17-537E5BC2E195}.Release|Any CPU.Build.0 = Release|Any CPU
		{B069FDE3-15F6-44C4-BCEC-EE41EB0DD60D}.Debug|Any CPU.ActiveCfg = Debug|Any CPU
		{B069FDE3-15F6-44C4-BCEC-EE41EB0DD60D}.Debug|Any CPU.Build.0 = Debug|Any CPU
		{B069FDE3-15F6-44C4-BCEC-EE41EB0DD60D}.Release|Any CPU.ActiveCfg = Release|Any CPU
		{B069FDE3-15F6-44C4-BCEC-EE41EB0DD60D}.Release|Any CPU.Build.0 = Release|Any CPU
	EndGlobalSection
	GlobalSection(SolutionProperties) = preSolution
		HideSolutionNode = FALSE
	EndGlobalSection
	GlobalSection(NestedProjects) = preSolution
		{7D9DBD1A-3C1D-4FF5-8345-2B912942D679} = {4A979C7B-9FB0-45E3-B0C6-1E5A0FADEA51}
		{D0789FB3-85A3-41CE-9AFE-A0A7742EB835} = {4A979C7B-9FB0-45E3-B0C6-1E5A0FADEA51}
		{F4017204-9EF9-41BF-A9FB-B42AF2402907} = {32147F53-CDAF-44DA-958E-5CAC9662F6EA}
		{DBAC1588-F06A-4339-A9AE-4B3130D9CF92} = {E9AAE3BD-8766-45B5-9774-543A55A91212}
		{78D69654-3930-4C6B-96FA-A24786A95ABA} = {4A979C7B-9FB0-45E3-B0C6-1E5A0FADEA51}
		{4416C5B3-E440-4995-99D3-42B539AA9423} = {4A979C7B-9FB0-45E3-B0C6-1E5A0FADEA51}
		{E59B478D-62A6-4557-A516-EA01D120A7F8} = {980880C5-E226-465B-9098-0202E0332C60}
		{7FB836C8-BC4E-41AF-A527-5902EFBFDBCC} = {1F88D36C-1EF6-477F-B07B-948741A265CB}
		{980880C5-E226-465B-9098-0202E0332C60} = {1F88D36C-1EF6-477F-B07B-948741A265CB}
		{BACA2CF6-5A34-43FA-844E-26B2BE7EA0AC} = {7FB836C8-BC4E-41AF-A527-5902EFBFDBCC}
		{F5D5CD99-27C1-4152-9D17-537E5BC2E195} = {7FB836C8-BC4E-41AF-A527-5902EFBFDBCC}
		{B069FDE3-15F6-44C4-BCEC-EE41EB0DD60D} = {4A979C7B-9FB0-45E3-B0C6-1E5A0FADEA51}
	EndGlobalSection
	GlobalSection(ExtensibilityGlobals) = postSolution
		SolutionGuid = {4254A3A8-9E1A-4F36-8091-C8B88D48927B}
	EndGlobalSection
EndGlobal
